
Microsoft Visual Studio Solution File, Format Version 12.00
# Visual Studio Version 16
VisualStudioVersion = 16.0.30503.244
MinimumVisualStudioVersion = 10.0.40219.1
Project("{FAE04EC0-301F-11D3-BF4B-00C04F79EFBC}") = "SPS Game", "SPS Game\SPS Game.csproj", "{57930E85-17D2-4643-90FA-9F3EEB9889A7}"
EndProject
Global
	GlobalSection(SolutionConfigurationPlatforms) = preSolution
		Debug|Any CPU = Debug|Any CPU
		Release|Any CPU = Release|Any CPU
	EndGlobalSection
	GlobalSection(ProjectConfigurationPlatforms) = postSolution
		{57930E85-17D2-4643-90FA-9F3EEB9889A7}.Debug|Any CPU.ActiveCfg = Debug|Any CPU
		{57930E85-17D2-4643-90FA-9F3EEB9889A7}.Debug|Any CPU.Build.0 = Debug|Any CPU
		{57930E85-17D2-4643-90FA-9F3EEB9889A7}.Release|Any CPU.ActiveCfg = Release|Any CPU
		{57930E85-17D2-4643-90FA-9F3EEB9889A7}.Release|Any CPU.Build.0 = Release|Any CPU
	EndGlobalSection
	GlobalSection(SolutionProperties) = preSolution
		HideSolutionNode = FALSE
	EndGlobalSection
	GlobalSection(ExtensibilityGlobals) = postSolution
		SolutionGuid = {774655F2-49C7-4C22-922C-314B1D5D2794}
	EndGlobalSection
EndGlobal
